
Microsoft Visual Studio Solution File, Format Version 12.00
# Visual Studio Version 17
VisualStudioVersion = 17.10.35004.147
MinimumVisualStudioVersion = 10.0.40219.1
Project("{9A19103F-16F7-4668-BE54-9A1E7A4F7556}") = "RankChecker.App", "RankChecker.App\RankChecker.App.csproj", "{D264D9D6-BEB8-46C9-B0B7-159ADC51E21D}"
EndProject
Project("{9A19103F-16F7-4668-BE54-9A1E7A4F7556}") = "DAL.ClanMember", "DAL.ClanMember\DAL.ClanMember.csproj", "{384ABD42-CE3C-4FE0-BE2E-5BE0D2FBDE1C}"
EndProject
Project("{9A19103F-16F7-4668-BE54-9A1E7A4F7556}") = "RankChecker.BusinessLogic", "RankChecker.BusinessLogic\RankChecker.BusinessLogic.csproj", "{E5193B57-672E-4E0E-AFD6-87422C9AB35C}"
EndProject
Project("{9A19103F-16F7-4668-BE54-9A1E7A4F7556}") = "WebAPI", "WebAPI\WebAPI.csproj", "{FD3E1A17-F249-4DE9-9F9E-D711160C4447}"
EndProject
Project("{9A19103F-16F7-4668-BE54-9A1E7A4F7556}") = "WebApp", "WebApp\WebApp.csproj", "{E50FEA5F-194F-488A-A7A8-71C2D5FCE4BF}"
EndProject
Global
	GlobalSection(SolutionConfigurationPlatforms) = preSolution
		Debug|Any CPU = Debug|Any CPU
		Release|Any CPU = Release|Any CPU
	EndGlobalSection
	GlobalSection(ProjectConfigurationPlatforms) = postSolution
		{D264D9D6-BEB8-46C9-B0B7-159ADC51E21D}.Debug|Any CPU.ActiveCfg = Debug|Any CPU
		{D264D9D6-BEB8-46C9-B0B7-159ADC51E21D}.Debug|Any CPU.Build.0 = Debug|Any CPU
		{D264D9D6-BEB8-46C9-B0B7-159ADC51E21D}.Release|Any CPU.ActiveCfg = Release|Any CPU
		{D264D9D6-BEB8-46C9-B0B7-159ADC51E21D}.Release|Any CPU.Build.0 = Release|Any CPU
		{384ABD42-CE3C-4FE0-BE2E-5BE0D2FBDE1C}.Debug|Any CPU.ActiveCfg = Debug|Any CPU
		{384ABD42-CE3C-4FE0-BE2E-5BE0D2FBDE1C}.Debug|Any CPU.Build.0 = Debug|Any CPU
		{384ABD42-CE3C-4FE0-BE2E-5BE0D2FBDE1C}.Release|Any CPU.ActiveCfg = Release|Any CPU
		{384ABD42-CE3C-4FE0-BE2E-5BE0D2FBDE1C}.Release|Any CPU.Build.0 = Release|Any CPU
		{E5193B57-672E-4E0E-AFD6-87422C9AB35C}.Debug|Any CPU.ActiveCfg = Debug|Any CPU
		{E5193B57-672E-4E0E-AFD6-87422C9AB35C}.Debug|Any CPU.Build.0 = Debug|Any CPU
		{E5193B57-672E-4E0E-AFD6-87422C9AB35C}.Release|Any CPU.ActiveCfg = Release|Any CPU
		{E5193B57-672E-4E0E-AFD6-87422C9AB35C}.Release|Any CPU.Build.0 = Release|Any CPU
		{FD3E1A17-F249-4DE9-9F9E-D711160C4447}.Debug|Any CPU.ActiveCfg = Debug|Any CPU
		{FD3E1A17-F249-4DE9-9F9E-D711160C4447}.Debug|Any CPU.Build.0 = Debug|Any CPU
		{FD3E1A17-F249-4DE9-9F9E-D711160C4447}.Release|Any CPU.ActiveCfg = Release|Any CPU
		{FD3E1A17-F249-4DE9-9F9E-D711160C4447}.Release|Any CPU.Build.0 = Release|Any CPU
		{E50FEA5F-194F-488A-A7A8-71C2D5FCE4BF}.Debug|Any CPU.ActiveCfg = Debug|Any CPU
		{E50FEA5F-194F-488A-A7A8-71C2D5FCE4BF}.Debug|Any CPU.Build.0 = Debug|Any CPU
		{E50FEA5F-194F-488A-A7A8-71C2D5FCE4BF}.Release|Any CPU.ActiveCfg = Release|Any CPU
		{E50FEA5F-194F-488A-A7A8-71C2D5FCE4BF}.Release|Any CPU.Build.0 = Release|Any CPU
	EndGlobalSection
	GlobalSection(SolutionProperties) = preSolution
		HideSolutionNode = FALSE
	EndGlobalSection
	GlobalSection(ExtensibilityGlobals) = postSolution
		SolutionGuid = {83B83266-368C-45F4-ACC9-AED0BC010B5A}
	EndGlobalSection
EndGlobal
